
Microsoft Visual Studio Solution File, Format Version 12.00
# Visual Studio 14
VisualStudioVersion = 14.0.25420.1
MinimumVisualStudioVersion = 10.0.40219.1
Project("{F088123C-0E9E-452A-89E6-6BA2F21D5CAC}") = "Sportify", "Sportify\Sportify.modelproj", "{7A2035E8-6022-4A4F-A4DE-130FE4C1133D}"
EndProject
Global
	GlobalSection(SolutionConfigurationPlatforms) = preSolution
		Debug|Any CPU = Debug|Any CPU
		Release|Any CPU = Release|Any CPU
	EndGlobalSection
	GlobalSection(ProjectConfigurationPlatforms) = postSolution
		{7A2035E8-6022-4A4F-A4DE-130FE4C1133D}.Debug|Any CPU.ActiveCfg = Debug|Any CPU
		{7A2035E8-6022-4A4F-A4DE-130FE4C1133D}.Debug|Any CPU.Build.0 = Debug|Any CPU
		{7A2035E8-6022-4A4F-A4DE-130FE4C1133D}.Release|Any CPU.ActiveCfg = Release|Any CPU
		{7A2035E8-6022-4A4F-A4DE-130FE4C1133D}.Release|Any CPU.Build.0 = Release|Any CPU
	EndGlobalSection
	GlobalSection(SolutionProperties) = preSolution
		HideSolutionNode = FALSE
	EndGlobalSection
EndGlobal
